{
  "version": "4",
  "specifiers": {
    "jsr:@std/assert@1": "1.0.10",
    "jsr:@std/internal@^1.0.5": "1.0.5",
    "npm:playwright@*": "1.49.1",
    "npm:playwright@^1.49.1": "1.49.1"
  },
  "jsr": {
    "@std/assert@1.0.10": {
      "integrity": "59b5cbac5bd55459a19045d95cc7c2ff787b4f8527c0dd195078ff6f9481fbb3",
      "dependencies": [
        "jsr:@std/internal"
      ]
    },
    "@std/internal@1.0.5": {
      "integrity": "54a546004f769c1ac9e025abd15a76b6671ddc9687e2313b67376125650dc7ba"
    }
  },
  "npm": {
    "fsevents@2.3.2": {
      "integrity": "sha512-xiqMQR4xAeHTuB9uWm+fFRcIOgKBMiOBP+eXiyT7jsgVCq1bkVygt00oASowB7EdtpOHaaPgKt812P9ab+DDKA=="
    },
    "playwright-core@1.49.1": {
      "integrity": "sha512-BzmpVcs4kE2CH15rWfzpjzVGhWERJfmnXmniSyKeRZUs9Ws65m+RGIi7mjJK/euCegfn3i7jvqWeWyHe9y3Vgg=="
    },
    "playwright@1.49.1": {
      "integrity": "sha512-VYL8zLoNTBxVOrJBbDuRgDWa3i+mfQgDTrL8Ah9QXZ7ax4Dsj0MSq5bYgytRnDVVe+njoKnfsYkH3HzqVj5UZA==",
      "dependencies": [
        "fsevents",
        "playwright-core"
      ]
    }
  },
  "workspace": {
    "dependencies": [
      "jsr:@std/assert@1",
      "npm:playwright@^1.49.1"
    ]
  }
}
